// !$*UTF8*$!
{
	archiveVersion = 1;
	classes = {
	};
	objectVersion = 46;
	objects = {

/* Begin PBXBuildFile section */
		7565F5C5B8C6071B4676CE63 /* Pods_LBTableViewLayout.framework in Frameworks */ = {isa = PBXBuildFile; fileRef = 0EE8DA2736AE7C5071487153 /* Pods_LBTableViewLayout.framework */; };
		AE3190591F31B65A0086122F /* AppDelegate.swift in Sources */ = {isa = PBXBuildFile; fileRef = AE3190581F31B65A0086122F /* AppDelegate.swift */; };
		AE31905B1F31B65A0086122F /* ViewController.swift in Sources */ = {isa = PBXBuildFile; fileRef = AE31905A1F31B65A0086122F /* ViewController.swift */; };
		AE31905E1F31B65A0086122F /* Main.storyboard in Resources */ = {isa = PBXBuildFile; fileRef = AE31905C1F31B65A0086122F /* Main.storyboard */; };
		AE3190601F31B65A0086122F /* Assets.xcassets in Resources */ = {isa = PBXBuildFile; fileRef = AE31905F1F31B65A0086122F /* Assets.xcassets */; };
		AE3190631F31B65A0086122F /* LaunchScreen.storyboard in Resources */ = {isa = PBXBuildFile; fileRef = AE3190611F31B65A0086122F /* LaunchScreen.storyboard */; };
		AE31906E1F31B65A0086122F /* LBTableViewLayoutTests.swift in Sources */ = {isa = PBXBuildFile; fileRef = AE31906D1F31B65A0086122F /* LBTableViewLayoutTests.swift */; };
		AE3190791F31B65A0086122F /* LBTableViewLayoutUITests.swift in Sources */ = {isa = PBXBuildFile; fileRef = AE3190781F31B65A0086122F /* LBTableViewLayoutUITests.swift */; };
		AE31908C1F31B6B70086122F /* faceBoy.jpg in Resources */ = {isa = PBXBuildFile; fileRef = AE3190871F31B6B70086122F /* faceBoy.jpg */; };
		AE31908D1F31B6B70086122F /* faceFamily.jpg in Resources */ = {isa = PBXBuildFile; fileRef = AE3190881F31B6B70086122F /* faceFamily.jpg */; };
		AE31908E1F31B6B70086122F /* faceGirl.jpg in Resources */ = {isa = PBXBuildFile; fileRef = AE3190891F31B6B70086122F /* faceGirl.jpg */; };
		AE31908F1F31B6B70086122F /* demoFace.png in Resources */ = {isa = PBXBuildFile; fileRef = AE31908A1F31B6B70086122F /* demoFace.png */; };
		AE3190901F31B6B70086122F /* demoPic.png in Resources */ = {isa = PBXBuildFile; fileRef = AE31908B1F31B6B70086122F /* demoPic.png */; };
		AE3190931F31B6DB0086122F /* moto1.JPG in Resources */ = {isa = PBXBuildFile; fileRef = AE3190911F31B6DB0086122F /* moto1.JPG */; };
		AE3190941F31B6DB0086122F /* moto2.JPG in Resources */ = {isa = PBXBuildFile; fileRef = AE3190921F31B6DB0086122F /* moto2.JPG */; };
		AE3190971F31B79D0086122F /* ImageAutoLayoutController.swift in Sources */ = {isa = PBXBuildFile; fileRef = AE3190951F31B79D0086122F /* ImageAutoLayoutController.swift */; };
		AE3190981F31B79D0086122F /* ImageAutoLayoutController.xib in Resources */ = {isa = PBXBuildFile; fileRef = AE3190961F31B79D0086122F /* ImageAutoLayoutController.xib */; };
		AEC0A12B1F332653003D57E7 /* 0.jpg in Resources */ = {isa = PBXBuildFile; fileRef = AEC0A0FD1F332653003D57E7 /* 0.jpg */; };
		AEC0A12C1F332653003D57E7 /* 1.jpg in Resources */ = {isa = PBXBuildFile; fileRef = AEC0A0FE1F332653003D57E7 /* 1.jpg */; };
		AEC0A12D1F332653003D57E7 /* 10.jpg in Resources */ = {isa = PBXBuildFile; fileRef = AEC0A0FF1F332653003D57E7 /* 10.jpg */; };
		AEC0A12E1F332653003D57E7 /* 11.jpg in Resources */ = {isa = PBXBuildFile; fileRef = AEC0A1001F332653003D57E7 /* 11.jpg */; };
		AEC0A12F1F332653003D57E7 /* 12.jpg in Resources */ = {isa = PBXBuildFile; fileRef = AEC0A1011F332653003D57E7 /* 12.jpg */; };
		AEC0A1301F332653003D57E7 /* 13.jpg in Resources */ = {isa = PBXBuildFile; fileRef = AEC0A1021F332653003D57E7 /* 13.jpg */; };
		AEC0A1311F332653003D57E7 /* 14.jpg in Resources */ = {isa = PBXBuildFile; fileRef = AEC0A1031F332653003D57E7 /* 14.jpg */; };
		AEC0A1321F332653003D57E7 /* 15.jpg in Resources */ = {isa = PBXBuildFile; fileRef = AEC0A1041F332653003D57E7 /* 15.jpg */; };
		AEC0A1331F332653003D57E7 /* 16.jpg in Resources */ = {isa = PBXBuildFile; fileRef = AEC0A1051F332653003D57E7 /* 16.jpg */; };
		AEC0A1341F332653003D57E7 /* 17.jpg in Resources */ = {isa = PBXBuildFile; fileRef = AEC0A1061F332653003D57E7 /* 17.jpg */; };
		AEC0A1351F332653003D57E7 /* 18.jpg in Resources */ = {isa = PBXBuildFile; fileRef = AEC0A1071F332653003D57E7 /* 18.jpg */; };
		AEC0A1361F332653003D57E7 /* 19.jpg in Resources */ = {isa = PBXBuildFile; fileRef = AEC0A1081F332653003D57E7 /* 19.jpg */; };
		AEC0A1371F332653003D57E7 /* 2.jpg in Resources */ = {isa = PBXBuildFile; fileRef = AEC0A1091F332653003D57E7 /* 2.jpg */; };
		AEC0A1381F332653003D57E7 /* 20.jpg in Resources */ = {isa = PBXBuildFile; fileRef = AEC0A10A1F332653003D57E7 /* 20.jpg */; };
		AEC0A1391F332653003D57E7 /* 21.jpg in Resources */ = {isa = PBXBuildFile; fileRef = AEC0A10B1F332653003D57E7 /* 21.jpg */; };
		AEC0A13A1F332653003D57E7 /* 22.jpg in Resources */ = {isa = PBXBuildFile; fileRef = AEC0A10C1F332653003D57E7 /* 22.jpg */; };
		AEC0A13B1F332653003D57E7 /* 23.jpg in Resources */ = {isa = PBXBuildFile; fileRef = AEC0A10D1F332653003D57E7 /* 23.jpg */; };
		AEC0A13C1F332653003D57E7 /* 3.jpg in Resources */ = {isa = PBXBuildFile; fileRef = AEC0A10E1F332653003D57E7 /* 3.jpg */; };
		AEC0A13D1F332653003D57E7 /* 4.jpg in Resources */ = {isa = PBXBuildFile; fileRef = AEC0A10F1F332653003D57E7 /* 4.jpg */; };
		AEC0A13E1F332653003D57E7 /* 5.jpg in Resources */ = {isa = PBXBuildFile; fileRef = AEC0A1101F332653003D57E7 /* 5.jpg */; };
		AEC0A13F1F332653003D57E7 /* 6.jpg in Resources */ = {isa = PBXBuildFile; fileRef = AEC0A1111F332653003D57E7 /* 6.jpg */; };
		AEC0A1401F332653003D57E7 /* 7.jpg in Resources */ = {isa = PBXBuildFile; fileRef = AEC0A1121F332653003D57E7 /* 7.jpg */; };
		AEC0A1411F332653003D57E7 /* 8.jpg in Resources */ = {isa = PBXBuildFile; fileRef = AEC0A1131F332653003D57E7 /* 8.jpg */; };
		AEC0A1421F332653003D57E7 /* 9.jpg in Resources */ = {isa = PBXBuildFile; fileRef = AEC0A1141F332653003D57E7 /* 9.jpg */; };
		AEC0A1431F332653003D57E7 /* icon0.jpg in Resources */ = {isa = PBXBuildFile; fileRef = AEC0A1151F332653003D57E7 /* icon0.jpg */; };
		AEC0A1441F332653003D57E7 /* icon1.jpg in Resources */ = {isa = PBXBuildFile; fileRef = AEC0A1161F332653003D57E7 /* icon1.jpg */; };
		AEC0A1451F332653003D57E7 /* icon2.jpg in Resources */ = {isa = PBXBuildFile; fileRef = AEC0A1171F332653003D57E7 /* icon2.jpg */; };
		AEC0A1461F332653003D57E7 /* icon3.jpg in Resources */ = {isa = PBXBuildFile; fileRef = AEC0A1181F332653003D57E7 /* icon3.jpg */; };
		AEC0A1471F332653003D57E7 /* icon4.jpg in Resources */ = {isa = PBXBuildFile; fileRef = AEC0A1191F332653003D57E7 /* icon4.jpg */; };
		AEC0A1481F332653003D57E7 /* pbg.jpg in Resources */ = {isa = PBXBuildFile; fileRef = AEC0A11A1F332653003D57E7 /* pbg.jpg */; };
		AEC0A1491F332653003D57E7 /* pic0.jpg in Resources */ = {isa = PBXBuildFile; fileRef = AEC0A11B1F332653003D57E7 /* pic0.jpg */; };
		AEC0A14A1F332653003D57E7 /* pic1.jpg in Resources */ = {isa = PBXBuildFile; fileRef = AEC0A11C1F332653003D57E7 /* pic1.jpg */; };
		AEC0A14B1F332653003D57E7 /* pic2.jpg in Resources */ = {isa = PBXBuildFile; fileRef = AEC0A11D1F332653003D57E7 /* pic2.jpg */; };
		AEC0A14C1F332653003D57E7 /* pic3.jpg in Resources */ = {isa = PBXBuildFile; fileRef = AEC0A11E1F332653003D57E7 /* pic3.jpg */; };
		AEC0A14D1F332653003D57E7 /* pic4.jpg in Resources */ = {isa = PBXBuildFile; fileRef = AEC0A11F1F332653003D57E7 /* pic4.jpg */; };
		AEC0A14E1F332653003D57E7 /* pic5.jpg in Resources */ = {isa = PBXBuildFile; fileRef = AEC0A1201F332653003D57E7 /* pic5.jpg */; };
		AEC0A14F1F332653003D57E7 /* pic6.jpg in Resources */ = {isa = PBXBuildFile; fileRef = AEC0A1211F332653003D57E7 /* pic6.jpg */; };
		AEC0A1501F332653003D57E7 /* pic7.jpg in Resources */ = {isa = PBXBuildFile; fileRef = AEC0A1221F332653003D57E7 /* pic7.jpg */; };
		AEC0A1511F332653003D57E7 /* pic8.jpg in Resources */ = {isa = PBXBuildFile; fileRef = AEC0A1231F332653003D57E7 /* pic8.jpg */; };
		AEC0A1521F332653003D57E7 /* picon.jpg in Resources */ = {isa = PBXBuildFile; fileRef = AEC0A1241F332653003D57E7 /* picon.jpg */; };
		AEC0A1531F332653003D57E7 /* test0.jpg in Resources */ = {isa = PBXBuildFile; fileRef = AEC0A1261F332653003D57E7 /* test0.jpg */; };
		AEC0A1541F332653003D57E7 /* test1.jpg in Resources */ = {isa = PBXBuildFile; fileRef = AEC0A1271F332653003D57E7 /* test1.jpg */; };
		AEC0A1551F332653003D57E7 /* test2.jpg in Resources */ = {isa = PBXBuildFile; fileRef = AEC0A1281F332653003D57E7 /* test2.jpg */; };
		AEC0A1561F332653003D57E7 /* test3.jpg in Resources */ = {isa = PBXBuildFile; fileRef = AEC0A1291F332653003D57E7 /* test3.jpg */; };
		AEC0A1571F332653003D57E7 /* test4.jpg in Resources */ = {isa = PBXBuildFile; fileRef = AEC0A12A1F332653003D57E7 /* test4.jpg */; };
		AEC0A15B1F3327A3003D57E7 /* PhotosContainerView.swift in Sources */ = {isa = PBXBuildFile; fileRef = AEC0A15A1F3327A3003D57E7 /* PhotosContainerView.swift */; };
		AED3B7BB1F3403D1005A4165 /* LayoutCell.swift in Sources */ = {isa = PBXBuildFile; fileRef = AED3B7BA1F3403D1005A4165 /* LayoutCell.swift */; };
		AED3B7C21F34183D005A4165 /* song1.jpeg in Resources */ = {isa = PBXBuildFile; fileRef = AED3B7BD1F34183D005A4165 /* song1.jpeg */; };
		AED3B7C31F34183D005A4165 /* song2.jpeg in Resources */ = {isa = PBXBuildFile; fileRef = AED3B7BE1F34183D005A4165 /* song2.jpeg */; };
		AED3B7C41F34183D005A4165 /* song3.jpeg in Resources */ = {isa = PBXBuildFile; fileRef = AED3B7BF1F34183D005A4165 /* song3.jpeg */; };
		AED3B7C51F34183D005A4165 /* song4.jpeg in Resources */ = {isa = PBXBuildFile; fileRef = AED3B7C01F34183D005A4165 /* song4.jpeg */; };
		AED3B7C61F34183D005A4165 /* song5.jpeg in Resources */ = {isa = PBXBuildFile; fileRef = AED3B7C11F34183D005A4165 /* song5.jpeg */; };
		AED3B7C81F344458005A4165 /* ImageAutoLayoutXibController.swift in Sources */ = {isa = PBXBuildFile; fileRef = AED3B7C71F344458005A4165 /* ImageAutoLayoutXibController.swift */; };
		AED3B7CB1F344478005A4165 /* LayoutXibCell.swift in Sources */ = {isa = PBXBuildFile; fileRef = AED3B7C91F344478005A4165 /* LayoutXibCell.swift */; };
		AED3B7CC1F344478005A4165 /* LayoutXibCell.xib in Resources */ = {isa = PBXBuildFile; fileRef = AED3B7CA1F344478005A4165 /* LayoutXibCell.xib */; };
		AED3B7D21F346E39005A4165 /* OCXibAutoLayoutController.m in Sources */ = {isa = PBXBuildFile; fileRef = AED3B7D11F346E39005A4165 /* OCXibAutoLayoutController.m */; };
		AED3B7D61F34717E005A4165 /* OCXibCell.m in Sources */ = {isa = PBXBuildFile; fileRef = AED3B7D41F34717E005A4165 /* OCXibCell.m */; };
		AED3B7D71F34717E005A4165 /* OCXibCell.xib in Resources */ = {isa = PBXBuildFile; fileRef = AED3B7D51F34717E005A4165 /* OCXibCell.xib */; };
		AED3B7D91F349816005A4165 /* DataManager.swift in Sources */ = {isa = PBXBuildFile; fileRef = AED3B7D81F349816005A4165 /* DataManager.swift */; };
		AEEB2BEB1F38064400674034 /* OCXibModel.m in Sources */ = {isa = PBXBuildFile; fileRef = AEEB2BEA1F38064400674034 /* OCXibModel.m */; };
		AEEE42671F384A73004EB264 /* SWModel.swift in Sources */ = {isa = PBXBuildFile; fileRef = AEEE42661F384A73004EB264 /* SWModel.swift */; };
/* End PBXBuildFile section */

/* Begin PBXContainerItemProxy section */
		AE31906A1F31B65A0086122F /* PBXContainerItemProxy */ = {
			isa = PBXContainerItemProxy;
			containerPortal = AE31904D1F31B65A0086122F /* Project object */;
			proxyType = 1;
			remoteGlobalIDString = AE3190541F31B65A0086122F;
			remoteInfo = LBTableViewLayout;
		};
		AE3190751F31B65A0086122F /* PBXContainerItemProxy */ = {
			isa = PBXContainerItemProxy;
			containerPortal = AE31904D1F31B65A0086122F /* Project object */;
			proxyType = 1;
			remoteGlobalIDString = AE3190541F31B65A0086122F;
			remoteInfo = LBTableViewLayout;
		};
/* End PBXContainerItemProxy section */

/* Begin PBXFileReference section */
		0EE8DA2736AE7C5071487153 /* Pods_LBTableViewLayout.framework */ = {isa = PBXFileReference; explicitFileType = wrapper.framework; includeInIndex = 0; path = Pods_LBTableViewLayout.framework; sourceTree = BUILT_PRODUCTS_DIR; };
		3C6322BF63FEDCAA39F36707 /* Pods-LBTableViewLayout.debug.xcconfig */ = {isa = PBXFileReference; includeInIndex = 1; lastKnownFileType = text.xcconfig; name = "Pods-LBTableViewLayout.debug.xcconfig"; path = "Pods/Target Support Files/Pods-LBTableViewLayout/Pods-LBTableViewLayout.debug.xcconfig"; sourceTree = "<group>"; };
		AE3190551F31B65A0086122F /* LBTableViewLayout.app */ = {isa = PBXFileReference; explicitFileType = wrapper.application; includeInIndex = 0; path = LBTableViewLayout.app; sourceTree = BUILT_PRODUCTS_DIR; };
		AE3190581F31B65A0086122F /* AppDelegate.swift */ = {isa = PBXFileReference; lastKnownFileType = sourcecode.swift; path = AppDelegate.swift; sourceTree = "<group>"; };
		AE31905A1F31B65A0086122F /* ViewController.swift */ = {isa = PBXFileReference; lastKnownFileType = sourcecode.swift; path = ViewController.swift; sourceTree = "<group>"; };
		AE31905D1F31B65A0086122F /* Base */ = {isa = PBXFileReference; lastKnownFileType = file.storyboard; name = Base; path = Base.lproj/Main.storyboard; sourceTree = "<group>"; };
		AE31905F1F31B65A0086122F /* Assets.xcassets */ = {isa = PBXFileReference; lastKnownFileType = folder.assetcatalog; path = Assets.xcassets; sourceTree = "<group>"; };
		AE3190621F31B65A0086122F /* Base */ = {isa = PBXFileReference; lastKnownFileType = file.storyboard; name = Base; path = Base.lproj/LaunchScreen.storyboard; sourceTree = "<group>"; };
		AE3190641F31B65A0086122F /* Info.plist */ = {isa = PBXFileReference; lastKnownFileType = text.plist.xml; path = Info.plist; sourceTree = "<group>"; };
		AE3190691F31B65A0086122F /* LBTableViewLayoutTests.xctest */ = {isa = PBXFileReference; explicitFileType = wrapper.cfbundle; includeInIndex = 0; path = LBTableViewLayoutTests.xctest; sourceTree = BUILT_PRODUCTS_DIR; };
		AE31906D1F31B65A0086122F /* LBTableViewLayoutTests.swift */ = {isa = PBXFileReference; lastKnownFileType = sourcecode.swift; path = LBTableViewLayoutTests.swift; sourceTree = "<group>"; };
		AE31906F1F31B65A0086122F /* Info.plist */ = {isa = PBXFileReference; lastKnownFileType = text.plist.xml; path = Info.plist; sourceTree = "<group>"; };
		AE3190741F31B65A0086122F /* LBTableViewLayoutUITests.xctest */ = {isa = PBXFileReference; explicitFileType = wrapper.cfbundle; includeInIndex = 0; path = LBTableViewLayoutUITests.xctest; sourceTree = BUILT_PRODUCTS_DIR; };
		AE3190781F31B65A0086122F /* LBTableViewLayoutUITests.swift */ = {isa = PBXFileReference; lastKnownFileType = sourcecode.swift; path = LBTableViewLayoutUITests.swift; sourceTree = "<group>"; };
		AE31907A1F31B65A0086122F /* Info.plist */ = {isa = PBXFileReference; lastKnownFileType = text.plist.xml; path = Info.plist; sourceTree = "<group>"; };
		AE3190871F31B6B70086122F /* faceBoy.jpg */ = {isa = PBXFileReference; lastKnownFileType = image.jpeg; path = faceBoy.jpg; sourceTree = "<group>"; };
		AE3190881F31B6B70086122F /* faceFamily.jpg */ = {isa = PBXFileReference; lastKnownFileType = image.jpeg; path = faceFamily.jpg; sourceTree = "<group>"; };
		AE3190891F31B6B70086122F /* faceGirl.jpg */ = {isa = PBXFileReference; lastKnownFileType = image.jpeg; path = faceGirl.jpg; sourceTree = "<group>"; };
		AE31908A1F31B6B70086122F /* demoFace.png */ = {isa = PBXFileReference; lastKnownFileType = image.png; path = demoFace.png; sourceTree = "<group>"; };
		AE31908B1F31B6B70086122F /* demoPic.png */ = {isa = PBXFileReference; lastKnownFileType = image.png; path = demoPic.png; sourceTree = "<group>"; };
		AE3190911F31B6DB0086122F /* moto1.JPG */ = {isa = PBXFileReference; lastKnownFileType = image.jpeg; path = moto1.JPG; sourceTree = "<group>"; };
		AE3190921F31B6DB0086122F /* moto2.JPG */ = {isa = PBXFileReference; lastKnownFileType = image.jpeg; path = moto2.JPG; sourceTree = "<group>"; };
		AE3190951F31B79D0086122F /* ImageAutoLayoutController.swift */ = {isa = PBXFileReference; fileEncoding = 4; lastKnownFileType = sourcecode.swift; path = ImageAutoLayoutController.swift; sourceTree = "<group>"; };
		AE3190961F31B79D0086122F /* ImageAutoLayoutController.xib */ = {isa = PBXFileReference; fileEncoding = 4; lastKnownFileType = file.xib; path = ImageAutoLayoutController.xib; sourceTree = "<group>"; };
		AEC0A0FD1F332653003D57E7 /* 0.jpg */ = {isa = PBXFileReference; lastKnownFileType = image.jpeg; path = 0.jpg; sourceTree = "<group>"; };
		AEC0A0FE1F332653003D57E7 /* 1.jpg */ = {isa = PBXFileReference; lastKnownFileType = image.jpeg; path = 1.jpg; sourceTree = "<group>"; };
		AEC0A0FF1F332653003D57E7 /* 10.jpg */ = {isa = PBXFileReference; lastKnownFileType = image.jpeg; path = 10.jpg; sourceTree = "<group>"; };
		AEC0A1001F332653003D57E7 /* 11.jpg */ = {isa = PBXFileReference; lastKnownFileType = image.jpeg; path = 11.jpg; sourceTree = "<group>"; };
		AEC0A1011F332653003D57E7 /* 12.jpg */ = {isa = PBXFileReference; lastKnownFileType = image.jpeg; path = 12.jpg; sourceTree = "<group>"; };
		AEC0A1021F332653003D57E7 /* 13.jpg */ = {isa = PBXFileReference; lastKnownFileType = image.jpeg; path = 13.jpg; sourceTree = "<group>"; };
		AEC0A1031F332653003D57E7 /* 14.jpg */ = {isa = PBXFileReference; lastKnownFileType = image.jpeg; path = 14.jpg; sourceTree = "<group>"; };
		AEC0A1041F332653003D57E7 /* 15.jpg */ = {isa = PBXFileReference; lastKnownFileType = image.jpeg; path = 15.jpg; sourceTree = "<group>"; };
		AEC0A1051F332653003D57E7 /* 16.jpg */ = {isa = PBXFileReference; lastKnownFileType = image.jpeg; path = 16.jpg; sourceTree = "<group>"; };
		AEC0A1061F332653003D57E7 /* 17.jpg */ = {isa = PBXFileReference; lastKnownFileType = image.jpeg; path = 17.jpg; sourceTree = "<group>"; };
		AEC0A1071F332653003D57E7 /* 18.jpg */ = {isa = PBXFileReference; lastKnownFileType = image.jpeg; path = 18.jpg; sourceTree = "<group>"; };
		AEC0A1081F332653003D57E7 /* 19.jpg */ = {isa = PBXFileReference; lastKnownFileType = image.jpeg; path = 19.jpg; sourceTree = "<group>"; };
		AEC0A1091F332653003D57E7 /* 2.jpg */ = {isa = PBXFileReference; lastKnownFileType = image.jpeg; path = 2.jpg; sourceTree = "<group>"; };
		AEC0A10A1F332653003D57E7 /* 20.jpg */ = {isa = PBXFileReference; lastKnownFileType = image.jpeg; path = 20.jpg; sourceTree = "<group>"; };
		AEC0A10B1F332653003D57E7 /* 21.jpg */ = {isa = PBXFileReference; lastKnownFileType = image.jpeg; path = 21.jpg; sourceTree = "<group>"; };
		AEC0A10C1F332653003D57E7 /* 22.jpg */ = {isa = PBXFileReference; lastKnownFileType = image.jpeg; path = 22.jpg; sourceTree = "<group>"; };
		AEC0A10D1F332653003D57E7 /* 23.jpg */ = {isa = PBXFileReference; lastKnownFileType = image.jpeg; path = 23.jpg; sourceTree = "<group>"; };
		AEC0A10E1F332653003D57E7 /* 3.jpg */ = {isa = PBXFileReference; lastKnownFileType = image.jpeg; path = 3.jpg; sourceTree = "<group>"; };
		AEC0A10F1F332653003D57E7 /* 4.jpg */ = {isa = PBXFileReference; lastKnownFileType = image.jpeg; path = 4.jpg; sourceTree = "<group>"; };
		AEC0A1101F332653003D57E7 /* 5.jpg */ = {isa = PBXFileReference; lastKnownFileType = image.jpeg; path = 5.jpg; sourceTree = "<group>"; };
		AEC0A1111F332653003D57E7 /* 6.jpg */ = {isa = PBXFileReference; lastKnownFileType = image.jpeg; path = 6.jpg; sourceTree = "<group>"; };
		AEC0A1121F332653003D57E7 /* 7.jpg */ = {isa = PBXFileReference; lastKnownFileType = image.jpeg; path = 7.jpg; sourceTree = "<group>"; };
		AEC0A1131F332653003D57E7 /* 8.jpg */ = {isa = PBXFileReference; lastKnownFileType = image.jpeg; path = 8.jpg; sourceTree = "<group>"; };
		AEC0A1141F332653003D57E7 /* 9.jpg */ = {isa = PBXFileReference; lastKnownFileType = image.jpeg; path = 9.jpg; sourceTree = "<group>"; };
		AEC0A1151F332653003D57E7 /* icon0.jpg */ = {isa = PBXFileReference; lastKnownFileType = image.jpeg; path = icon0.jpg; sourceTree = "<group>"; };
		AEC0A1161F332653003D57E7 /* icon1.jpg */ = {isa = PBXFileReference; lastKnownFileType = image.jpeg; path = icon1.jpg; sourceTree = "<group>"; };
		AEC0A1171F332653003D57E7 /* icon2.jpg */ = {isa = PBXFileReference; lastKnownFileType = image.jpeg; path = icon2.jpg; sourceTree = "<group>"; };
		AEC0A1181F332653003D57E7 /* icon3.jpg */ = {isa = PBXFileReference; lastKnownFileType = image.jpeg; path = icon3.jpg; sourceTree = "<group>"; };
		AEC0A1191F332653003D57E7 /* icon4.jpg */ = {isa = PBXFileReference; lastKnownFileType = image.jpeg; path = icon4.jpg; sourceTree = "<group>"; };
		AEC0A11A1F332653003D57E7 /* pbg.jpg */ = {isa = PBXFileReference; lastKnownFileType = image.jpeg; path = pbg.jpg; sourceTree = "<group>"; };
		AEC0A11B1F332653003D57E7 /* pic0.jpg */ = {isa = PBXFileReference; lastKnownFileType = image.jpeg; path = pic0.jpg; sourceTree = "<group>"; };
		AEC0A11C1F332653003D57E7 /* pic1.jpg */ = {isa = PBXFileReference; lastKnownFileType = image.jpeg; path = pic1.jpg; sourceTree = "<group>"; };
		AEC0A11D1F332653003D57E7 /* pic2.jpg */ = {isa = PBXFileReference; lastKnownFileType = image.jpeg; path = pic2.jpg; sourceTree = "<group>"; };
		AEC0A11E1F332653003D57E7 /* pic3.jpg */ = {isa = PBXFileReference; lastKnownFileType = image.jpeg; path = pic3.jpg; sourceTree = "<group>"; };
		AEC0A11F1F332653003D57E7 /* pic4.jpg */ = {isa = PBXFileReference; lastKnownFileType = image.jpeg; path = pic4.jpg; sourceTree = "<group>"; };
		AEC0A1201F332653003D57E7 /* pic5.jpg */ = {isa = PBXFileReference; lastKnownFileType = image.jpeg; path = pic5.jpg; sourceTree = "<group>"; };
		AEC0A1211F332653003D57E7 /* pic6.jpg */ = {isa = PBXFileReference; lastKnownFileType = image.jpeg; path = pic6.jpg; sourceTree = "<group>"; };
		AEC0A1221F332653003D57E7 /* pic7.jpg */ = {isa = PBXFileReference; lastKnownFileType = image.jpeg; path = pic7.jpg; sourceTree = "<group>"; };
		AEC0A1231F332653003D57E7 /* pic8.jpg */ = {isa = PBXFileReference; lastKnownFileType = image.jpeg; path = pic8.jpg; sourceTree = "<group>"; };
		AEC0A1241F332653003D57E7 /* picon.jpg */ = {isa = PBXFileReference; lastKnownFileType = image.jpeg; path = picon.jpg; sourceTree = "<group>"; };
		AEC0A1261F332653003D57E7 /* test0.jpg */ = {isa = PBXFileReference; lastKnownFileType = image.jpeg; path = test0.jpg; sourceTree = "<group>"; };
		AEC0A1271F332653003D57E7 /* test1.jpg */ = {isa = PBXFileReference; lastKnownFileType = image.jpeg; path = test1.jpg; sourceTree = "<group>"; };
		AEC0A1281F332653003D57E7 /* test2.jpg */ = {isa = PBXFileReference; lastKnownFileType = image.jpeg; path = test2.jpg; sourceTree = "<group>"; };
		AEC0A1291F332653003D57E7 /* test3.jpg */ = {isa = PBXFileReference; lastKnownFileType = image.jpeg; path = test3.jpg; sourceTree = "<group>"; };
		AEC0A12A1F332653003D57E7 /* test4.jpg */ = {isa = PBXFileReference; lastKnownFileType = image.jpeg; path = test4.jpg; sourceTree = "<group>"; };
		AEC0A15A1F3327A3003D57E7 /* PhotosContainerView.swift */ = {isa = PBXFileReference; fileEncoding = 4; lastKnownFileType = sourcecode.swift; path = PhotosContainerView.swift; sourceTree = "<group>"; };
		AED3B7BA1F3403D1005A4165 /* LayoutCell.swift */ = {isa = PBXFileReference; fileEncoding = 4; lastKnownFileType = sourcecode.swift; path = LayoutCell.swift; sourceTree = "<group>"; };
		AED3B7BD1F34183D005A4165 /* song1.jpeg */ = {isa = PBXFileReference; lastKnownFileType = image.jpeg; path = song1.jpeg; sourceTree = "<group>"; };
		AED3B7BE1F34183D005A4165 /* song2.jpeg */ = {isa = PBXFileReference; lastKnownFileType = image.jpeg; path = song2.jpeg; sourceTree = "<group>"; };
		AED3B7BF1F34183D005A4165 /* song3.jpeg */ = {isa = PBXFileReference; lastKnownFileType = image.jpeg; path = song3.jpeg; sourceTree = "<group>"; };
		AED3B7C01F34183D005A4165 /* song4.jpeg */ = {isa = PBXFileReference; lastKnownFileType = image.jpeg; path = song4.jpeg; sourceTree = "<group>"; };
		AED3B7C11F34183D005A4165 /* song5.jpeg */ = {isa = PBXFileReference; lastKnownFileType = image.jpeg; path = song5.jpeg; sourceTree = "<group>"; };
		AED3B7C71F344458005A4165 /* ImageAutoLayoutXibController.swift */ = {isa = PBXFileReference; fileEncoding = 4; lastKnownFileType = sourcecode.swift; path = ImageAutoLayoutXibController.swift; sourceTree = "<group>"; };
		AED3B7C91F344478005A4165 /* LayoutXibCell.swift */ = {isa = PBXFileReference; fileEncoding = 4; lastKnownFileType = sourcecode.swift; path = LayoutXibCell.swift; sourceTree = "<group>"; };
		AED3B7CA1F344478005A4165 /* LayoutXibCell.xib */ = {isa = PBXFileReference; fileEncoding = 4; lastKnownFileType = file.xib; path = LayoutXibCell.xib; sourceTree = "<group>"; };
		AED3B7CF1F346E39005A4165 /* LBTableViewLayout-Bridging-Header.h */ = {isa = PBXFileReference; lastKnownFileType = sourcecode.c.h; path = "LBTableViewLayout-Bridging-Header.h"; sourceTree = "<group>"; };
		AED3B7D01F346E39005A4165 /* OCXibAutoLayoutController.h */ = {isa = PBXFileReference; fileEncoding = 4; lastKnownFileType = sourcecode.c.h; path = OCXibAutoLayoutController.h; sourceTree = "<group>"; };
		AED3B7D11F346E39005A4165 /* OCXibAutoLayoutController.m */ = {isa = PBXFileReference; fileEncoding = 4; lastKnownFileType = sourcecode.c.objc; path = OCXibAutoLayoutController.m; sourceTree = "<group>"; };
		AED3B7D31F34717E005A4165 /* OCXibCell.h */ = {isa = PBXFileReference; fileEncoding = 4; lastKnownFileType = sourcecode.c.h; path = OCXibCell.h; sourceTree = "<group>"; };
		AED3B7D41F34717E005A4165 /* OCXibCell.m */ = {isa = PBXFileReference; fileEncoding = 4; lastKnownFileType = sourcecode.c.objc; path = OCXibCell.m; sourceTree = "<group>"; };
		AED3B7D51F34717E005A4165 /* OCXibCell.xib */ = {isa = PBXFileReference; fileEncoding = 4; lastKnownFileType = file.xib; path = OCXibCell.xib; sourceTree = "<group>"; };
		AED3B7D81F349816005A4165 /* DataManager.swift */ = {isa = PBXFileReference; fileEncoding = 4; lastKnownFileType = sourcecode.swift; path = DataManager.swift; sourceTree = "<group>"; };
		AEEB2BE91F38064400674034 /* OCXibModel.h */ = {isa = PBXFileReference; fileEncoding = 4; lastKnownFileType = sourcecode.c.h; path = OCXibModel.h; sourceTree = "<group>"; };
		AEEB2BEA1F38064400674034 /* OCXibModel.m */ = {isa = PBXFileReference; fileEncoding = 4; lastKnownFileType = sourcecode.c.objc; path = OCXibModel.m; sourceTree = "<group>"; };
		AEEE42661F384A73004EB264 /* SWModel.swift */ = {isa = PBXFileReference; fileEncoding = 4; lastKnownFileType = sourcecode.swift; path = SWModel.swift; sourceTree = "<group>"; };
		BC2736B82537423FE0400AED /* Pods-LBTableViewLayout.release.xcconfig */ = {isa = PBXFileReference; includeInIndex = 1; lastKnownFileType = text.xcconfig; name = "Pods-LBTableViewLayout.release.xcconfig"; path = "Pods/Target Support Files/Pods-LBTableViewLayout/Pods-LBTableViewLayout.release.xcconfig"; sourceTree = "<group>"; };
/* End PBXFileReference section */

/* Begin PBXFrameworksBuildPhase section */
		AE3190521F31B65A0086122F /* Frameworks */ = {
			isa = PBXFrameworksBuildPhase;
			buildActionMask = 2147483647;
			files = (
				7565F5C5B8C6071B4676CE63 /* Pods_LBTableViewLayout.framework in Frameworks */,
			);
			runOnlyForDeploymentPostprocessing = 0;
		};
		AE3190661F31B65A0086122F /* Frameworks */ = {
			isa = PBXFrameworksBuildPhase;
			buildActionMask = 2147483647;
			files = (
			);
			runOnlyForDeploymentPostprocessing = 0;
		};
		AE3190711F31B65A0086122F /* Frameworks */ = {
			isa = PBXFrameworksBuildPhase;
			buildActionMask = 2147483647;
			files = (
			);
			runOnlyForDeploymentPostprocessing = 0;
		};
/* End PBXFrameworksBuildPhase section */

/* Begin PBXGroup section */
		529691EFEE33023CBBB0281A /* Pods */ = {
			isa = PBXGroup;
			children = (
				3C6322BF63FEDCAA39F36707 /* Pods-LBTableViewLayout.debug.xcconfig */,
				BC2736B82537423FE0400AED /* Pods-LBTableViewLayout.release.xcconfig */,
			);
			name = Pods;
			sourceTree = "<group>";
		};
		AE31904C1F31B6590086122F = {
			isa = PBXGroup;
			children = (
				AE3190571F31B65A0086122F /* LBTableViewLayout */,
				AE31906C1F31B65A0086122F /* LBTableViewLayoutTests */,
				AE3190771F31B65A0086122F /* LBTableViewLayoutUITests */,
				AE3190561F31B65A0086122F /* Products */,
				529691EFEE33023CBBB0281A /* Pods */,
				BA78014E837D168DA7EBBA64 /* Frameworks */,
			);
			sourceTree = "<group>";
		};
		AE3190561F31B65A0086122F /* Products */ = {
			isa = PBXGroup;
			children = (
				AE3190551F31B65A0086122F /* LBTableViewLayout.app */,
				AE3190691F31B65A0086122F /* LBTableViewLayoutTests.xctest */,
				AE3190741F31B65A0086122F /* LBTableViewLayoutUITests.xctest */,
			);
			name = Products;
			sourceTree = "<group>";
		};
		AE3190571F31B65A0086122F /* LBTableViewLayout */ = {
			isa = PBXGroup;
			children = (
				AE3190861F31B6850086122F /* Resource */,
				AE3190581F31B65A0086122F /* AppDelegate.swift */,
				AE31905A1F31B65A0086122F /* ViewController.swift */,
				AE3190951F31B79D0086122F /* ImageAutoLayoutController.swift */,
				AED3B7C71F344458005A4165 /* ImageAutoLayoutXibController.swift */,
				AEEE42661F384A73004EB264 /* SWModel.swift */,
				AED3B7D81F349816005A4165 /* DataManager.swift */,
				AED3B7D01F346E39005A4165 /* OCXibAutoLayoutController.h */,
				AED3B7D11F346E39005A4165 /* OCXibAutoLayoutController.m */,
				AEEB2BE91F38064400674034 /* OCXibModel.h */,
				AEEB2BEA1F38064400674034 /* OCXibModel.m */,
				AED3B7D31F34717E005A4165 /* OCXibCell.h */,
				AED3B7D41F34717E005A4165 /* OCXibCell.m */,
				AED3B7D51F34717E005A4165 /* OCXibCell.xib */,
				AEC0A15A1F3327A3003D57E7 /* PhotosContainerView.swift */,
				AED3B7BA1F3403D1005A4165 /* LayoutCell.swift */,
				AED3B7C91F344478005A4165 /* LayoutXibCell.swift */,
				AED3B7CA1F344478005A4165 /* LayoutXibCell.xib */,
				AE3190961F31B79D0086122F /* ImageAutoLayoutController.xib */,
				AE31905C1F31B65A0086122F /* Main.storyboard */,
				AE31905F1F31B65A0086122F /* Assets.xcassets */,
				AE3190611F31B65A0086122F /* LaunchScreen.storyboard */,
				AE3190641F31B65A0086122F /* Info.plist */,
				AED3B7CF1F346E39005A4165 /* LBTableViewLayout-Bridging-Header.h */,
			);
			path = LBTableViewLayout;
			sourceTree = "<group>";
		};
		AE31906C1F31B65A0086122F /* LBTableViewLayoutTests */ = {
			isa = PBXGroup;
			children = (
				AE31906D1F31B65A0086122F /* LBTableViewLayoutTests.swift */,
				AE31906F1F31B65A0086122F /* Info.plist */,
			);
			path = LBTableViewLayoutTests;
			sourceTree = "<group>";
		};
		AE3190771F31B65A0086122F /* LBTableViewLayoutUITests */ = {
			isa = PBXGroup;
			children = (
				AE3190781F31B65A0086122F /* LBTableViewLayoutUITests.swift */,
				AE31907A1F31B65A0086122F /* Info.plist */,
			);
			path = LBTableViewLayoutUITests;
			sourceTree = "<group>";
		};
		AE3190861F31B6850086122F /* Resource */ = {
			isa = PBXGroup;
			children = (
				AED3B7BC1F34182C005A4165 /* song_images */,
				AEC0A1591F332674003D57E7 /* pic_images */,
				AEC0A1581F332662003D57E7 /* icon_images */,
				AEC0A1251F332653003D57E7 /* test */,
				AEC0A0FC1F332653003D57E7 /* cell_icons */,
				AEC0A11A1F332653003D57E7 /* pbg.jpg */,
				AEC0A1241F332653003D57E7 /* picon.jpg */,
				AE3190871F31B6B70086122F /* faceBoy.jpg */,
				AE3190881F31B6B70086122F /* faceFamily.jpg */,
				AE3190891F31B6B70086122F /* faceGirl.jpg */,
				AE31908A1F31B6B70086122F /* demoFace.png */,
				AE31908B1F31B6B70086122F /* demoPic.png */,
				AE3190911F31B6DB0086122F /* moto1.JPG */,
				AE3190921F31B6DB0086122F /* moto2.JPG */,
			);
			path = Resource;
			sourceTree = "<group>";
		};
		AEC0A0FC1F332653003D57E7 /* cell_icons */ = {
			isa = PBXGroup;
			children = (
				AEC0A0FD1F332653003D57E7 /* 0.jpg */,
				AEC0A0FE1F332653003D57E7 /* 1.jpg */,
				AEC0A0FF1F332653003D57E7 /* 10.jpg */,
				AEC0A1001F332653003D57E7 /* 11.jpg */,
				AEC0A1011F332653003D57E7 /* 12.jpg */,
				AEC0A1021F332653003D57E7 /* 13.jpg */,
				AEC0A1031F332653003D57E7 /* 14.jpg */,
				AEC0A1041F332653003D57E7 /* 15.jpg */,
				AEC0A1051F332653003D57E7 /* 16.jpg */,
				AEC0A1061F332653003D57E7 /* 17.jpg */,
				AEC0A1071F332653003D57E7 /* 18.jpg */,
				AEC0A1081F332653003D57E7 /* 19.jpg */,
				AEC0A1091F332653003D57E7 /* 2.jpg */,
				AEC0A10A1F332653003D57E7 /* 20.jpg */,
				AEC0A10B1F332653003D57E7 /* 21.jpg */,
				AEC0A10C1F332653003D57E7 /* 22.jpg */,
				AEC0A10D1F332653003D57E7 /* 23.jpg */,
				AEC0A10E1F332653003D57E7 /* 3.jpg */,
				AEC0A10F1F332653003D57E7 /* 4.jpg */,
				AEC0A1101F332653003D57E7 /* 5.jpg */,
				AEC0A1111F332653003D57E7 /* 6.jpg */,
				AEC0A1121F332653003D57E7 /* 7.jpg */,
				AEC0A1131F332653003D57E7 /* 8.jpg */,
				AEC0A1141F332653003D57E7 /* 9.jpg */,
			);
			path = cell_icons;
			sourceTree = "<group>";
		};
		AEC0A1251F332653003D57E7 /* test */ = {
			isa = PBXGroup;
			children = (
				AEC0A1261F332653003D57E7 /* test0.jpg */,
				AEC0A1271F332653003D57E7 /* test1.jpg */,
				AEC0A1281F332653003D57E7 /* test2.jpg */,
				AEC0A1291F332653003D57E7 /* test3.jpg */,
				AEC0A12A1F332653003D57E7 /* test4.jpg */,
			);
			path = test;
			sourceTree = "<group>";
		};
		AEC0A1581F332662003D57E7 /* icon_images */ = {
			isa = PBXGroup;
			children = (
				AEC0A1151F332653003D57E7 /* icon0.jpg */,
				AEC0A1161F332653003D57E7 /* icon1.jpg */,
				AEC0A1171F332653003D57E7 /* icon2.jpg */,
				AEC0A1181F332653003D57E7 /* icon3.jpg */,
				AEC0A1191F332653003D57E7 /* icon4.jpg */,
			);
			name = icon_images;
			sourceTree = "<group>";
		};
		AEC0A1591F332674003D57E7 /* pic_images */ = {
			isa = PBXGroup;
			children = (
				AEC0A11B1F332653003D57E7 /* pic0.jpg */,
				AEC0A11C1F332653003D57E7 /* pic1.jpg */,
				AEC0A11D1F332653003D57E7 /* pic2.jpg */,
				AEC0A11E1F332653003D57E7 /* pic3.jpg */,
				AEC0A11F1F332653003D57E7 /* pic4.jpg */,
				AEC0A1201F332653003D57E7 /* pic5.jpg */,
				AEC0A1211F332653003D57E7 /* pic6.jpg */,
				AEC0A1221F332653003D57E7 /* pic7.jpg */,
				AEC0A1231F332653003D57E7 /* pic8.jpg */,
			);
			name = pic_images;
			sourceTree = "<group>";
		};
		AED3B7BC1F34182C005A4165 /* song_images */ = {
			isa = PBXGroup;
			children = (
				AED3B7BD1F34183D005A4165 /* song1.jpeg */,
				AED3B7BE1F34183D005A4165 /* song2.jpeg */,
				AED3B7BF1F34183D005A4165 /* song3.jpeg */,
				AED3B7C01F34183D005A4165 /* song4.jpeg */,
				AED3B7C11F34183D005A4165 /* song5.jpeg */,
			);
			name = song_images;
			sourceTree = "<group>";
		};
		BA78014E837D168DA7EBBA64 /* Frameworks */ = {
			isa = PBXGroup;
			children = (
				0EE8DA2736AE7C5071487153 /* Pods_LBTableViewLayout.framework */,
			);
			name = Frameworks;
			sourceTree = "<group>";
		};
/* End PBXGroup section */

/* Begin PBXNativeTarget section */
		AE3190541F31B65A0086122F /* LBTableViewLayout */ = {
			isa = PBXNativeTarget;
			buildConfigurationList = AE31907D1F31B65A0086122F /* Build configuration list for PBXNativeTarget "LBTableViewLayout" */;
			buildPhases = (
				88A341DA264F9DC204B49566 /* [CP] Check Pods Manifest.lock */,
				AE3190511F31B65A0086122F /* Sources */,
				AE3190521F31B65A0086122F /* Frameworks */,
				AE3190531F31B65A0086122F /* Resources */,
				E240579B7F9178C7E5139E06 /* [CP] Embed Pods Frameworks */,
				79EB271A7C42561C3561AC8F /* [CP] Copy Pods Resources */,
			);
			buildRules = (
			);
			dependencies = (
			);
			name = LBTableViewLayout;
			productName = LBTableViewLayout;
			productReference = AE3190551F31B65A0086122F /* LBTableViewLayout.app */;
			productType = "com.apple.product-type.application";
		};
		AE3190681F31B65A0086122F /* LBTableViewLayoutTests */ = {
			isa = PBXNativeTarget;
			buildConfigurationList = AE3190801F31B65A0086122F /* Build configuration list for PBXNativeTarget "LBTableViewLayoutTests" */;
			buildPhases = (
				AE3190651F31B65A0086122F /* Sources */,
				AE3190661F31B65A0086122F /* Frameworks */,
				AE3190671F31B65A0086122F /* Resources */,
			);
			buildRules = (
			);
			dependencies = (
				AE31906B1F31B65A0086122F /* PBXTargetDependency */,
			);
			name = LBTableViewLayoutTests;
			productName = LBTableViewLayoutTests;
			productReference = AE3190691F31B65A0086122F /* LBTableViewLayoutTests.xctest */;
			productType = "com.apple.product-type.bundle.unit-test";
		};
		AE3190731F31B65A0086122F /* LBTableViewLayoutUITests */ = {
			isa = PBXNativeTarget;
			buildConfigurationList = AE3190831F31B65A0086122F /* Build configuration list for PBXNativeTarget "LBTableViewLayoutUITests" */;
			buildPhases = (
				AE3190701F31B65A0086122F /* Sources */,
				AE3190711F31B65A0086122F /* Frameworks */,
				AE3190721F31B65A0086122F /* Resources */,
			);
			buildRules = (
			);
			dependencies = (
				AE3190761F31B65A0086122F /* PBXTargetDependency */,
			);
			name = LBTableViewLayoutUITests;
			productName = LBTableViewLayoutUITests;
			productReference = AE3190741F31B65A0086122F /* LBTableViewLayoutUITests.xctest */;
			productType = "com.apple.product-type.bundle.ui-testing";
		};
/* End PBXNativeTarget section */

/* Begin PBXProject section */
		AE31904D1F31B65A0086122F /* Project object */ = {
			isa = PBXProject;
			attributes = {
				LastSwiftUpdateCheck = 0830;
				LastUpgradeCheck = 0830;
				ORGANIZATIONNAME = "Hangzhou Zhanya Technology";
				TargetAttributes = {
					AE3190541F31B65A0086122F = {
						CreatedOnToolsVersion = 8.3.3;
						DevelopmentTeam = EG2GA9AC3P;
						LastSwiftMigration = 0830;
						ProvisioningStyle = Automatic;
					};
					AE3190681F31B65A0086122F = {
						CreatedOnToolsVersion = 8.3.3;
						DevelopmentTeam = EG2GA9AC3P;
						ProvisioningStyle = Automatic;
						TestTargetID = AE3190541F31B65A0086122F;
					};
					AE3190731F31B65A0086122F = {
						CreatedOnToolsVersion = 8.3.3;
						DevelopmentTeam = EG2GA9AC3P;
						ProvisioningStyle = Automatic;
						TestTargetID = AE3190541F31B65A0086122F;
					};
				};
			};
			buildConfigurationList = AE3190501F31B65A0086122F /* Build configuration list for PBXProject "LBTableViewLayout" */;
			compatibilityVersion = "Xcode 3.2";
			developmentRegion = English;
			hasScannedForEncodings = 0;
			knownRegions = (
				en,
				Base,
			);
			mainGroup = AE31904C1F31B6590086122F;
			productRefGroup = AE3190561F31B65A0086122F /* Products */;
			projectDirPath = "";
			projectRoot = "";
			targets = (
				AE3190541F31B65A0086122F /* LBTableViewLayout */,
				AE3190681F31B65A0086122F /* LBTableViewLayoutTests */,
				AE3190731F31B65A0086122F /* LBTableViewLayoutUITests */,
			);
		};
/* End PBXProject section */

/* Begin PBXResourcesBuildPhase section */
		AE3190531F31B65A0086122F /* Resources */ = {
			isa = PBXResourcesBuildPhase;
			buildActionMask = 2147483647;
			files = (
				AEC0A1401F332653003D57E7 /* 7.jpg in Resources */,
				AEC0A1501F332653003D57E7 /* pic7.jpg in Resources */,
				AEC0A1491F332653003D57E7 /* pic0.jpg in Resources */,
				AEC0A1391F332653003D57E7 /* 21.jpg in Resources */,
				AEC0A13C1F332653003D57E7 /* 3.jpg in Resources */,
				AEC0A1331F332653003D57E7 /* 16.jpg in Resources */,
				AEC0A1311F332653003D57E7 /* 14.jpg in Resources */,
				AEC0A12E1F332653003D57E7 /* 11.jpg in Resources */,
				AEC0A1551F332653003D57E7 /* test2.jpg in Resources */,
				AEC0A14A1F332653003D57E7 /* pic1.jpg in Resources */,
				AEC0A1481F332653003D57E7 /* pbg.jpg in Resources */,
				AEC0A12B1F332653003D57E7 /* 0.jpg in Resources */,
				AEC0A12C1F332653003D57E7 /* 1.jpg in Resources */,
				AEC0A1381F332653003D57E7 /* 20.jpg in Resources */,
				AE3190631F31B65A0086122F /* LaunchScreen.storyboard in Resources */,
				AED3B7C21F34183D005A4165 /* song1.jpeg in Resources */,
				AED3B7C61F34183D005A4165 /* song5.jpeg in Resources */,
				AEC0A1371F332653003D57E7 /* 2.jpg in Resources */,
				AEC0A13F1F332653003D57E7 /* 6.jpg in Resources */,
				AED3B7CC1F344478005A4165 /* LayoutXibCell.xib in Resources */,
				AE3190941F31B6DB0086122F /* moto2.JPG in Resources */,
				AEC0A1541F332653003D57E7 /* test1.jpg in Resources */,
				AEC0A1451F332653003D57E7 /* icon2.jpg in Resources */,
				AEC0A1321F332653003D57E7 /* 15.jpg in Resources */,
				AEC0A1301F332653003D57E7 /* 13.jpg in Resources */,
				AE31908F1F31B6B70086122F /* demoFace.png in Resources */,
				AE3190931F31B6DB0086122F /* moto1.JPG in Resources */,
				AED3B7D71F34717E005A4165 /* OCXibCell.xib in Resources */,
				AEC0A1561F332653003D57E7 /* test3.jpg in Resources */,
				AEC0A1431F332653003D57E7 /* icon0.jpg in Resources */,
				AEC0A1521F332653003D57E7 /* picon.jpg in Resources */,
				AEC0A1361F332653003D57E7 /* 19.jpg in Resources */,
				AEC0A1441F332653003D57E7 /* icon1.jpg in Resources */,
				AE3190601F31B65A0086122F /* Assets.xcassets in Resources */,
				AEC0A14F1F332653003D57E7 /* pic6.jpg in Resources */,
				AEC0A1351F332653003D57E7 /* 18.jpg in Resources */,
				AEC0A13D1F332653003D57E7 /* 4.jpg in Resources */,
				AEC0A12F1F332653003D57E7 /* 12.jpg in Resources */,
				AE31908D1F31B6B70086122F /* faceFamily.jpg in Resources */,
				AEC0A1511F332653003D57E7 /* pic8.jpg in Resources */,
				AED3B7C31F34183D005A4165 /* song2.jpeg in Resources */,
				AEC0A1461F332653003D57E7 /* icon3.jpg in Resources */,
				AEC0A14E1F332653003D57E7 /* pic5.jpg in Resources */,
				AEC0A1421F332653003D57E7 /* 9.jpg in Resources */,
				AEC0A14C1F332653003D57E7 /* pic3.jpg in Resources */,
				AEC0A12D1F332653003D57E7 /* 10.jpg in Resources */,
				AEC0A1341F332653003D57E7 /* 17.jpg in Resources */,
				AEC0A14B1F332653003D57E7 /* pic2.jpg in Resources */,
				AED3B7C51F34183D005A4165 /* song4.jpeg in Resources */,
				AE31905E1F31B65A0086122F /* Main.storyboard in Resources */,
				AE31908E1F31B6B70086122F /* faceGirl.jpg in Resources */,
				AE31908C1F31B6B70086122F /* faceBoy.jpg in Resources */,
				AEC0A1411F332653003D57E7 /* 8.jpg in Resources */,
				AEC0A1531F332653003D57E7 /* test0.jpg in Resources */,
				AEC0A14D1F332653003D57E7 /* pic4.jpg in Resources */,
				AEC0A13A1F332653003D57E7 /* 22.jpg in Resources */,
				AE3190981F31B79D0086122F /* ImageAutoLayoutController.xib in Resources */,
				AEC0A13B1F332653003D57E7 /* 23.jpg in Resources */,
				AEC0A1571F332653003D57E7 /* test4.jpg in Resources */,
				AEC0A1471F332653003D57E7 /* icon4.jpg in Resources */,
				AEC0A13E1F332653003D57E7 /* 5.jpg in Resources */,
				AE3190901F31B6B70086122F /* demoPic.png in Resources */,
				AED3B7C41F34183D005A4165 /* song3.jpeg in Resources */,
			);
			runOnlyForDeploymentPostprocessing = 0;
		};
		AE3190671F31B65A0086122F /* Resources */ = {
			isa = PBXResourcesBuildPhase;
			buildActionMask = 2147483647;
			files = (
			);
			runOnlyForDeploymentPostprocessing = 0;
		};
		AE3190721F31B65A0086122F /* Resources */ = {
			isa = PBXResourcesBuildPhase;
			buildActionMask = 2147483647;
			files = (
			);
			runOnlyForDeploymentPostprocessing = 0;
		};
/* End PBXResourcesBuildPhase section */

/* Begin PBXShellScriptBuildPhase section */
		79EB271A7C42561C3561AC8F /* [CP] Copy Pods Resources */ = {
			isa = PBXShellScriptBuildPhase;
			buildActionMask = 2147483647;
			files = (
			);
			inputPaths = (
			);
			name = "[CP] Copy Pods Resources";
			outputPaths = (
			);
			runOnlyForDeploymentPostprocessing = 0;
			shellPath = /bin/sh;
			shellScript = "\"${SRCROOT}/Pods/Target Support Files/Pods-LBTableViewLayout/Pods-LBTableViewLayout-resources.sh\"\n";
			showEnvVarsInLog = 0;
		};
		88A341DA264F9DC204B49566 /* [CP] Check Pods Manifest.lock */ = {
			isa = PBXShellScriptBuildPhase;
			buildActionMask = 2147483647;
			files = (
			);
			inputPaths = (
			);
			name = "[CP] Check Pods Manifest.lock";
			outputPaths = (
			);
			runOnlyForDeploymentPostprocessing = 0;
			shellPath = /bin/sh;
			shellScript = "diff \"${PODS_PODFILE_DIR_PATH}/Podfile.lock\" \"${PODS_ROOT}/Manifest.lock\" > /dev/null\nif [ $? != 0 ] ; then\n    # print error to STDERR\n    echo \"error: The sandbox is not in sync with the Podfile.lock. Run 'pod install' or update your CocoaPods installation.\" >&2\n    exit 1\nfi\n";
			showEnvVarsInLog = 0;
		};
		E240579B7F9178C7E5139E06 /* [CP] Embed Pods Frameworks */ = {
			isa = PBXShellScriptBuildPhase;
			buildActionMask = 2147483647;
			files = (
			);
			inputPaths = (
			);
			name = "[CP] Embed Pods Frameworks";
			outputPaths = (
			);
			runOnlyForDeploymentPostprocessing = 0;
			shellPath = /bin/sh;
			shellScript = "\"${SRCROOT}/Pods/Target Support Files/Pods-LBTableViewLayout/Pods-LBTableViewLayout-frameworks.sh\"\n";
			showEnvVarsInLog = 0;
		};
/* End PBXShellScriptBuildPhase section */

/* Begin PBXSourcesBuildPhase section */
		AE3190511F31B65A0086122F /* Sources */ = {
			isa = PBXSourcesBuildPhase;
			buildActionMask = 2147483647;
			files = (
				AE31905B1F31B65A0086122F /* ViewController.swift in Sources */,
				AED3B7D91F349816005A4165 /* DataManager.swift in Sources */,
				AE3190591F31B65A0086122F /* AppDelegate.swift in Sources */,
				AE3190971F31B79D0086122F /* ImageAutoLayoutController.swift in Sources */,
				AED3B7BB1F3403D1005A4165 /* LayoutCell.swift in Sources */,
				AED3B7C81F344458005A4165 /* ImageAutoLayoutXibController.swift in Sources */,
				AED3B7D61F34717E005A4165 /* OCXibCell.m in Sources */,
				AED3B7CB1F344478005A4165 /* LayoutXibCell.swift in Sources */,
				AED3B7D21F346E39005A4165 /* OCXibAutoLayoutController.m in Sources */,
				AEEB2BEB1F38064400674034 /* OCXibModel.m in Sources */,
				AEC0A15B1F3327A3003D57E7 /* PhotosContainerView.swift in Sources */,
				AEEE42671F384A73004EB264 /* SWModel.swift in Sources */,
			);
			runOnlyForDeploymentPostprocessing = 0;
		};
		AE3190651F31B65A0086122F /* Sources */ = {
			isa = PBXSourcesBuildPhase;
			buildActionMask = 2147483647;
			files = (
				AE31906E1F31B65A0086122F /* LBTableViewLayoutTests.swift in Sources */,
			);
			runOnlyForDeploymentPostprocessing = 0;
		};
		AE3190701F31B65A0086122F /* Sources */ = {
			isa = PBXSourcesBuildPhase;
			buildActionMask = 2147483647;
			files = (
				AE3190791F31B65A0086122F /* LBTableViewLayoutUITests.swift in Sources */,
			);
			runOnlyForDeploymentPostprocessing = 0;
		};
/* End PBXSourcesBuildPhase section */

/* Begin PBXTargetDependency section */
		AE31906B1F31B65A0086122F /* PBXTargetDependency */ = {
			isa = PBXTargetDependency;
			target = AE3190541F31B65A0086122F /* LBTableViewLayout */;
			targetProxy = AE31906A1F31B65A0086122F /* PBXContainerItemProxy */;
		};
		AE3190761F31B65A0086122F /* PBXTargetDependency */ = {
			isa = PBXTargetDependency;
			target = AE3190541F31B65A0086122F /* LBTableViewLayout */;
			targetProxy = AE3190751F31B65A0086122F /* PBXContainerItemProxy */;
		};
/* End PBXTargetDependency section */

/* Begin PBXVariantGroup section */
		AE31905C1F31B65A0086122F /* Main.storyboard */ = {
			isa = PBXVariantGroup;
			children = (
				AE31905D1F31B65A0086122F /* Base */,
			);
			name = Main.storyboard;
			sourceTree = "<group>";
		};
		AE3190611F31B65A0086122F /* LaunchScreen.storyboard */ = {
			isa = PBXVariantGroup;
			children = (
				AE3190621F31B65A0086122F /* Base */,
			);
			name = LaunchScreen.storyboard;
			sourceTree = "<group>";
		};
/* End PBXVariantGroup section */

/* Begin XCBuildConfiguration section */
		AE31907B1F31B65A0086122F /* Debug */ = {
			isa = XCBuildConfiguration;
			buildSettings = {
				ALWAYS_SEARCH_USER_PATHS = NO;
				CLANG_ANALYZER_NONNULL = YES;
				CLANG_ANALYZER_NUMBER_OBJECT_CONVERSION = YES_AGGRESSIVE;
				CLANG_CXX_LANGUAGE_STANDARD = "gnu++0x";
				CLANG_CXX_LIBRARY = "libc++";
				CLANG_ENABLE_MODULES = YES;
				CLANG_ENABLE_OBJC_ARC = YES;
				CLANG_WARN_BOOL_CONVERSION = YES;
				CLANG_WARN_CONSTANT_CONVERSION = YES;
				CLANG_WARN_DIRECT_OBJC_ISA_USAGE = YES_ERROR;
				CLANG_WARN_DOCUMENTATION_COMMENTS = YES;
				CLANG_WARN_EMPTY_BODY = YES;
				CLANG_WARN_ENUM_CONVERSION = YES;
				CLANG_WARN_INFINITE_RECURSION = YES;
				CLANG_WARN_INT_CONVERSION = YES;
				CLANG_WARN_OBJC_ROOT_CLASS = YES_ERROR;
				CLANG_WARN_SUSPICIOUS_MOVE = YES;
				CLANG_WARN_UNREACHABLE_CODE = YES;
				CLANG_WARN__DUPLICATE_METHOD_MATCH = YES;
				"CODE_SIGN_IDENTITY[sdk=iphoneos*]" = "iPhone Developer";
				COPY_PHASE_STRIP = NO;
				DEBUG_INFORMATION_FORMAT = dwarf;
				ENABLE_STRICT_OBJC_MSGSEND = YES;
				ENABLE_TESTABILITY = YES;
				GCC_C_LANGUAGE_STANDARD = gnu99;
				GCC_DYNAMIC_NO_PIC = NO;
				GCC_NO_COMMON_BLOCKS = YES;
				GCC_OPTIMIZATION_LEVEL = 0;
				GCC_PREPROCESSOR_DEFINITIONS = (
					"DEBUG=1",
					"$(inherited)",
				);
				GCC_WARN_64_TO_32_BIT_CONVERSION = YES;
				GCC_WARN_ABOUT_RETURN_TYPE = YES_ERROR;
				GCC_WARN_UNDECLARED_SELECTOR = YES;
				GCC_WARN_UNINITIALIZED_AUTOS = YES_AGGRESSIVE;
				GCC_WARN_UNUSED_FUNCTION = YES;
				GCC_WARN_UNUSED_VARIABLE = YES;
				IPHONEOS_DEPLOYMENT_TARGET = 10.3;
				MTL_ENABLE_DEBUG_INFO = YES;
				ONLY_ACTIVE_ARCH = YES;
				SDKROOT = iphoneos;
				SWIFT_ACTIVE_COMPILATION_CONDITIONS = DEBUG;
				SWIFT_OPTIMIZATION_LEVEL = "-Onone";
				TARGETED_DEVICE_FAMILY = "1,2";
			};
			name = Debug;
		};
		AE31907C1F31B65A0086122F /* Release */ = {
			isa = XCBuildConfiguration;
			buildSettings = {
				ALWAYS_SEARCH_USER_PATHS = NO;
				CLANG_ANALYZER_NONNULL = YES;
				CLANG_ANALYZER_NUMBER_OBJECT_CONVERSION = YES_AGGRESSIVE;
				CLANG_CXX_LANGUAGE_STANDARD = "gnu++0x";
				CLANG_CXX_LIBRARY = "libc++";
				CLANG_ENABLE_MODULES = YES;
				CLANG_ENABLE_OBJC_ARC = YES;
				CLANG_WARN_BOOL_CONVERSION = YES;
				CLANG_WARN_CONSTANT_CONVERSION = YES;
				CLANG_WARN_DIRECT_OBJC_ISA_USAGE = YES_ERROR;
				CLANG_WARN_DOCUMENTATION_COMMENTS = YES;
				CLANG_WARN_EMPTY_BODY = YES;
				CLANG_WARN_ENUM_CONVERSION = YES;
				CLANG_WARN_INFINITE_RECURSION = YES;
				CLANG_WARN_INT_CONVERSION = YES;
				CLANG_WARN_OBJC_ROOT_CLASS = YES_ERROR;
				CLANG_WARN_SUSPICIOUS_MOVE = YES;
				CLANG_WARN_UNREACHABLE_CODE = YES;
				CLANG_WARN__DUPLICATE_METHOD_MATCH = YES;
				"CODE_SIGN_IDENTITY[sdk=iphoneos*]" = "iPhone Developer";
				COPY_PHASE_STRIP = NO;
				DEBUG_INFORMATION_FORMAT = "dwarf-with-dsym";
				ENABLE_NS_ASSERTIONS = NO;
				ENABLE_STRICT_OBJC_MSGSEND = YES;
				GCC_C_LANGUAGE_STANDARD = gnu99;
				GCC_NO_COMMON_BLOCKS = YES;
				GCC_WARN_64_TO_32_BIT_CONVERSION = YES;
				GCC_WARN_ABOUT_RETURN_TYPE = YES_ERROR;
				GCC_WARN_UNDECLARED_SELECTOR = YES;
				GCC_WARN_UNINITIALIZED_AUTOS = YES_AGGRESSIVE;
				GCC_WARN_UNUSED_FUNCTION = YES;
				GCC_WARN_UNUSED_VARIABLE = YES;
				IPHONEOS_DEPLOYMENT_TARGET = 10.3;
				MTL_ENABLE_DEBUG_INFO = NO;
				SDKROOT = iphoneos;
				SWIFT_OPTIMIZATION_LEVEL = "-Owholemodule";
				TARGETED_DEVICE_FAMILY = "1,2";
				VALIDATE_PRODUCT = YES;
			};
			name = Release;
		};
		AE31907E1F31B65A0086122F /* Debug */ = {
			isa = XCBuildConfiguration;
			baseConfigurationReference = 3C6322BF63FEDCAA39F36707 /* Pods-LBTableViewLayout.debug.xcconfig */;
			buildSettings = {
				ASSETCATALOG_COMPILER_APPICON_NAME = AppIcon;
				CLANG_ENABLE_MODULES = YES;
				DEVELOPMENT_TEAM = EG2GA9AC3P;
				INFOPLIST_FILE = LBTableViewLayout/Info.plist;
				LD_RUNPATH_SEARCH_PATHS = "$(inherited) @executable_path/Frameworks";
				PRODUCT_BUNDLE_IDENTIFIER = cunli.LBTableViewLayout;
				PRODUCT_NAME = "$(TARGET_NAME)";
				SWIFT_OBJC_BRIDGING_HEADER = "LBTableViewLayout/LBTableViewLayout-Bridging-Header.h";
				SWIFT_OPTIMIZATION_LEVEL = "-Onone";
				SWIFT_VERSION = 3.0;
			};
			name = Debug;
		};
		AE31907F1F31B65A0086122F /* Release */ = {
			isa = XCBuildConfiguration;
			baseConfigurationReference = BC2736B82537423FE0400AED /* Pods-LBTableViewLayout.release.xcconfig */;
			buildSettings = {
				ASSETCATALOG_COMPILER_APPICON_NAME = AppIcon;
				CLANG_ENABLE_MODULES = YES;
				DEVELOPMENT_TEAM = EG2GA9AC3P;
				INFOPLIST_FILE = LBTableViewLayout/Info.plist;
				LD_RUNPATH_SEARCH_PATHS = "$(inherited) @executable_path/Frameworks";
				PRODUCT_BUNDLE_IDENTIFIER = cunli.LBTableViewLayout;
				PRODUCT_NAME = "$(TARGET_NAME)";
				SWIFT_OBJC_BRIDGING_HEADER = "LBTableViewLayout/LBTableViewLayout-Bridging-Header.h";
				SWIFT_VERSION = 3.0;
			};
			name = Release;
		};
		AE3190811F31B65A0086122F /* Debug */ = {
			isa = XCBuildConfiguration;
			buildSettings = {
				ALWAYS_EMBED_SWIFT_STANDARD_LIBRARIES = YES;
				BUNDLE_LOADER = "$(TEST_HOST)";
				DEVELOPMENT_TEAM = EG2GA9AC3P;
				INFOPLIST_FILE = LBTableViewLayoutTests/Info.plist;
				LD_RUNPATH_SEARCH_PATHS = "$(inherited) @executable_path/Frameworks @loader_path/Frameworks";
				PRODUCT_BUNDLE_IDENTIFIER = cunli.LBTableViewLayoutTests;
				PRODUCT_NAME = "$(TARGET_NAME)";
				SWIFT_VERSION = 3.0;
				TEST_HOST = "$(BUILT_PRODUCTS_DIR)/LBTableViewLayout.app/LBTableViewLayout";
			};
			name = Debug;
		};
		AE3190821F31B65A0086122F /* Release */ = {
			isa = XCBuildConfiguration;
			buildSettings = {
				ALWAYS_EMBED_SWIFT_STANDARD_LIBRARIES = YES;
				BUNDLE_LOADER = "$(TEST_HOST)";
				DEVELOPMENT_TEAM = EG2GA9AC3P;
				INFOPLIST_FILE = LBTableViewLayoutTests/Info.plist;
				LD_RUNPATH_SEARCH_PATHS = "$(inherited) @executable_path/Frameworks @loader_path/Frameworks";
				PRODUCT_BUNDLE_IDENTIFIER = cunli.LBTableViewLayoutTests;
				PRODUCT_NAME = "$(TARGET_NAME)";
				SWIFT_VERSION = 3.0;
				TEST_HOST = "$(BUILT_PRODUCTS_DIR)/LBTableViewLayout.app/LBTableViewLayout";
			};
			name = Release;
		};
		AE3190841F31B65A0086122F /* Debug */ = {
			isa = XCBuildConfiguration;
			buildSettings = {
				ALWAYS_EMBED_SWIFT_STANDARD_LIBRARIES = YES;
				DEVELOPMENT_TEAM = EG2GA9AC3P;
				INFOPLIST_FILE = LBTableViewLayoutUITests/Info.plist;
				LD_RUNPATH_SEARCH_PATHS = "$(inherited) @executable_path/Frameworks @loader_path/Frameworks";
				PRODUCT_BUNDLE_IDENTIFIER = cunli.LBTableViewLayoutUITests;
				PRODUCT_NAME = "$(TARGET_NAME)";
				SWIFT_VERSION = 3.0;
				TEST_TARGET_NAME = LBTableViewLayout;
			};
			name = Debug;
		};
		AE3190851F31B65A0086122F /* Release */ = {
			isa = XCBuildConfiguration;
			buildSettings = {
				ALWAYS_EMBED_SWIFT_STANDARD_LIBRARIES = YES;
				DEVELOPMENT_TEAM = EG2GA9AC3P;
				INFOPLIST_FILE = LBTableViewLayoutUITests/Info.plist;
				LD_RUNPATH_SEARCH_PATHS = "$(inherited) @executable_path/Frameworks @loader_path/Frameworks";
				PRODUCT_BUNDLE_IDENTIFIER = cunli.LBTableViewLayoutUITests;
				PRODUCT_NAME = "$(TARGET_NAME)";
				SWIFT_VERSION = 3.0;
				TEST_TARGET_NAME = LBTableViewLayout;
			};
			name = Release;
		};
/* End XCBuildConfiguration section */

/* Begin XCConfigurationList section */
		AE3190501F31B65A0086122F /* Build configuration list for PBXProject "LBTableViewLayout" */ = {
			isa = XCConfigurationList;
			buildConfigurations = (
				AE31907B1F31B65A0086122F /* Debug */,
				AE31907C1F31B65A0086122F /* Release */,
			);
			defaultConfigurationIsVisible = 0;
			defaultConfigurationName = Release;
		};
		AE31907D1F31B65A0086122F /* Build configuration list for PBXNativeTarget "LBTableViewLayout" */ = {
			isa = XCConfigurationList;
			buildConfigurations = (
				AE31907E1F31B65A0086122F /* Debug */,
				AE31907F1F31B65A0086122F /* Release */,
			);
			defaultConfigurationIsVisible = 0;
			defaultConfigurationName = Release;
		};
		AE3190801F31B65A0086122F /* Build configuration list for PBXNativeTarget "LBTableViewLayoutTests" */ = {
			isa = XCConfigurationList;
			buildConfigurations = (
				AE3190811F31B65A0086122F /* Debug */,
				AE3190821F31B65A0086122F /* Release */,
			);
			defaultConfigurationIsVisible = 0;
			defaultConfigurationName = Release;
		};
		AE3190831F31B65A0086122F /* Build configuration list for PBXNativeTarget "LBTableViewLayoutUITests" */ = {
			isa = XCConfigurationList;
			buildConfigurations = (
				AE3190841F31B65A0086122F /* Debug */,
				AE3190851F31B65A0086122F /* Release */,
			);
			defaultConfigurationIsVisible = 0;
			defaultConfigurationName = Release;
		};
/* End XCConfigurationList section */
	};
	rootObject = AE31904D1F31B65A0086122F /* Project object */;
}
